// !$*UTF8*$!
{
	archiveVersion = 1;
	classes = {
	};
	objectVersion = 46;
	objects = {

/* Begin PBXBuildFile section */
		7F16A3FC19D1B4010003BD18 /* FilterViewController.m in Sources */ = {isa = PBXBuildFile; fileRef = 7F16A3FA19D1B4010003BD18 /* FilterViewController.m */; };
		7F16A3FD19D1B4010003BD18 /* FilterViewController.xib in Resources */ = {isa = PBXBuildFile; fileRef = 7F16A3FB19D1B4010003BD18 /* FilterViewController.xib */; };
		7F16A40619D1C4760003BD18 /* SwitchFilterViewCell.m in Sources */ = {isa = PBXBuildFile; fileRef = 7F16A40419D1C4760003BD18 /* SwitchFilterViewCell.m */; };
		7F16A40719D1C4760003BD18 /* SwitchFilterViewCell.xib in Resources */ = {isa = PBXBuildFile; fileRef = 7F16A40519D1C4760003BD18 /* SwitchFilterViewCell.xib */; };
		7FC60B3319CF6BAE005CE3ED /* Foundation.framework in Frameworks */ = {isa = PBXBuildFile; fileRef = 7FC60B3219CF6BAE005CE3ED /* Foundation.framework */; };
		7FC60B3519CF6BAE005CE3ED /* CoreGraphics.framework in Frameworks */ = {isa = PBXBuildFile; fileRef = 7FC60B3419CF6BAE005CE3ED /* CoreGraphics.framework */; };
		7FC60B3719CF6BAE005CE3ED /* UIKit.framework in Frameworks */ = {isa = PBXBuildFile; fileRef = 7FC60B3619CF6BAE005CE3ED /* UIKit.framework */; };
		7FC60B3D19CF6BAE005CE3ED /* InfoPlist.strings in Resources */ = {isa = PBXBuildFile; fileRef = 7FC60B3B19CF6BAE005CE3ED /* InfoPlist.strings */; };
		7FC60B3F19CF6BAE005CE3ED /* main.m in Sources */ = {isa = PBXBuildFile; fileRef = 7FC60B3E19CF6BAE005CE3ED /* main.m */; };
		7FC60B4319CF6BAE005CE3ED /* AppDelegate.m in Sources */ = {isa = PBXBuildFile; fileRef = 7FC60B4219CF6BAE005CE3ED /* AppDelegate.m */; };
		7FC60B4519CF6BAE005CE3ED /* Images.xcassets in Resources */ = {isa = PBXBuildFile; fileRef = 7FC60B4419CF6BAE005CE3ED /* Images.xcassets */; };
		7FC60B4C19CF6BAE005CE3ED /* XCTest.framework in Frameworks */ = {isa = PBXBuildFile; fileRef = 7FC60B4B19CF6BAE005CE3ED /* XCTest.framework */; };
		7FC60B4D19CF6BAE005CE3ED /* Foundation.framework in Frameworks */ = {isa = PBXBuildFile; fileRef = 7FC60B3219CF6BAE005CE3ED /* Foundation.framework */; };
		7FC60B4E19CF6BAE005CE3ED /* UIKit.framework in Frameworks */ = {isa = PBXBuildFile; fileRef = 7FC60B3619CF6BAE005CE3ED /* UIKit.framework */; };
		7FC60B5619CF6BAE005CE3ED /* InfoPlist.strings in Resources */ = {isa = PBXBuildFile; fileRef = 7FC60B5419CF6BAE005CE3ED /* InfoPlist.strings */; };
		7FC60B5819CF6BAE005CE3ED /* yelpClientTests.m in Sources */ = {isa = PBXBuildFile; fileRef = 7FC60B5719CF6BAE005CE3ED /* yelpClientTests.m */; };
		7FC60B6719CF6DC6005CE3ED /* ListViewController.m in Sources */ = {isa = PBXBuildFile; fileRef = 7FC60B6519CF6DC6005CE3ED /* ListViewController.m */; };
		7FC60B6819CF6DC6005CE3ED /* ListViewController.xib in Resources */ = {isa = PBXBuildFile; fileRef = 7FC60B6619CF6DC6005CE3ED /* ListViewController.xib */; };
		7FC60B6B19CF701C005CE3ED /* YelpClient.m in Sources */ = {isa = PBXBuildFile; fileRef = 7FC60B6A19CF701C005CE3ED /* YelpClient.m */; };
		7FEC6B1019CF76EB00770A42 /* AppModel.m in Sources */ = {isa = PBXBuildFile; fileRef = 7FEC6B0F19CF76EB00770A42 /* AppModel.m */; };
		7FEC6B1419CF8F5600770A42 /* ListItemViewCell.m in Sources */ = {isa = PBXBuildFile; fileRef = 7FEC6B1219CF8F5600770A42 /* ListItemViewCell.m */; };
		7FEC6B1519CF8F5600770A42 /* ListItemViewCell.xib in Resources */ = {isa = PBXBuildFile; fileRef = 7FEC6B1319CF8F5600770A42 /* ListItemViewCell.xib */; };
		7FEC6B1719D019CF00770A42 /* stars_4_half.png in Resources */ = {isa = PBXBuildFile; fileRef = 7FEC6B1619D019CF00770A42 /* stars_4_half.png */; };
		E1A83706337C4ACFA005B454 /* libPods.a in Frameworks */ = {isa = PBXBuildFile; fileRef = FEB72408D7A8480E84294C02 /* libPods.a */; };
/* End PBXBuildFile section */

/* Begin PBXContainerItemProxy section */
		7FC60B4F19CF6BAE005CE3ED /* PBXContainerItemProxy */ = {
			isa = PBXContainerItemProxy;
			containerPortal = 7FC60B2719CF6BAE005CE3ED /* Project object */;
			proxyType = 1;
			remoteGlobalIDString = 7FC60B2E19CF6BAE005CE3ED;
			remoteInfo = yelpClient;
		};
/* End PBXContainerItemProxy section */

/* Begin PBXFileReference section */
		7E448B1440B849DC8D5CAF98 /* Pods.xcconfig */ = {isa = PBXFileReference; includeInIndex = 1; lastKnownFileType = text.xcconfig; name = Pods.xcconfig; path = Pods/Pods.xcconfig; sourceTree = "<group>"; };
		7F16A3F919D1B4010003BD18 /* FilterViewController.h */ = {isa = PBXFileReference; fileEncoding = 4; lastKnownFileType = sourcecode.c.h; path = FilterViewController.h; sourceTree = "<group>"; };
		7F16A3FA19D1B4010003BD18 /* FilterViewController.m */ = {isa = PBXFileReference; fileEncoding = 4; lastKnownFileType = sourcecode.c.objc; path = FilterViewController.m; sourceTree = "<group>"; };
		7F16A3FB19D1B4010003BD18 /* FilterViewController.xib */ = {isa = PBXFileReference; fileEncoding = 4; lastKnownFileType = file.xib; path = FilterViewController.xib; sourceTree = "<group>"; };
		7F16A40319D1C4760003BD18 /* SwitchFilterViewCell.h */ = {isa = PBXFileReference; fileEncoding = 4; lastKnownFileType = sourcecode.c.h; path = SwitchFilterViewCell.h; sourceTree = "<group>"; };
		7F16A40419D1C4760003BD18 /* SwitchFilterViewCell.m */ = {isa = PBXFileReference; fileEncoding = 4; lastKnownFileType = sourcecode.c.objc; path = SwitchFilterViewCell.m; sourceTree = "<group>"; };
		7F16A40519D1C4760003BD18 /* SwitchFilterViewCell.xib */ = {isa = PBXFileReference; fileEncoding = 4; lastKnownFileType = file.xib; path = SwitchFilterViewCell.xib; sourceTree = "<group>"; };
		7FC60B2F19CF6BAE005CE3ED /* yelpClient.app */ = {isa = PBXFileReference; explicitFileType = wrapper.application; includeInIndex = 0; path = yelpClient.app; sourceTree = BUILT_PRODUCTS_DIR; };
		7FC60B3219CF6BAE005CE3ED /* Foundation.framework */ = {isa = PBXFileReference; lastKnownFileType = wrapper.framework; name = Foundation.framework; path = System/Library/Frameworks/Foundation.framework; sourceTree = SDKROOT; };
		7FC60B3419CF6BAE005CE3ED /* CoreGraphics.framework */ = {isa = PBXFileReference; lastKnownFileType = wrapper.framework; name = CoreGraphics.framework; path = System/Library/Frameworks/CoreGraphics.framework; sourceTree = SDKROOT; };
		7FC60B3619CF6BAE005CE3ED /* UIKit.framework */ = {isa = PBXFileReference; lastKnownFileType = wrapper.framework; name = UIKit.framework; path = System/Library/Frameworks/UIKit.framework; sourceTree = SDKROOT; };
		7FC60B3A19CF6BAE005CE3ED /* yelpClient-Info.plist */ = {isa = PBXFileReference; lastKnownFileType = text.plist.xml; path = "yelpClient-Info.plist"; sourceTree = "<group>"; };
		7FC60B3C19CF6BAE005CE3ED /* en */ = {isa = PBXFileReference; lastKnownFileType = text.plist.strings; name = en; path = en.lproj/InfoPlist.strings; sourceTree = "<group>"; };
		7FC60B3E19CF6BAE005CE3ED /* main.m */ = {isa = PBXFileReference; lastKnownFileType = sourcecode.c.objc; path = main.m; sourceTree = "<group>"; };
		7FC60B4019CF6BAE005CE3ED /* yelpClient-Prefix.pch */ = {isa = PBXFileReference; lastKnownFileType = sourcecode.c.h; path = "yelpClient-Prefix.pch"; sourceTree = "<group>"; };
		7FC60B4119CF6BAE005CE3ED /* AppDelegate.h */ = {isa = PBXFileReference; lastKnownFileType = sourcecode.c.h; path = AppDelegate.h; sourceTree = "<group>"; };
		7FC60B4219CF6BAE005CE3ED /* AppDelegate.m */ = {isa = PBXFileReference; lastKnownFileType = sourcecode.c.objc; path = AppDelegate.m; sourceTree = "<group>"; };
		7FC60B4419CF6BAE005CE3ED /* Images.xcassets */ = {isa = PBXFileReference; lastKnownFileType = folder.assetcatalog; path = Images.xcassets; sourceTree = "<group>"; };
		7FC60B4A19CF6BAE005CE3ED /* yelpClientTests.xctest */ = {isa = PBXFileReference; explicitFileType = wrapper.cfbundle; includeInIndex = 0; path = yelpClientTests.xctest; sourceTree = BUILT_PRODUCTS_DIR; };
		7FC60B4B19CF6BAE005CE3ED /* XCTest.framework */ = {isa = PBXFileReference; lastKnownFileType = wrapper.framework; name = XCTest.framework; path = Library/Frameworks/XCTest.framework; sourceTree = DEVELOPER_DIR; };
		7FC60B5319CF6BAE005CE3ED /* yelpClientTests-Info.plist */ = {isa = PBXFileReference; lastKnownFileType = text.plist.xml; path = "yelpClientTests-Info.plist"; sourceTree = "<group>"; };
		7FC60B5519CF6BAE005CE3ED /* en */ = {isa = PBXFileReference; lastKnownFileType = text.plist.strings; name = en; path = en.lproj/InfoPlist.strings; sourceTree = "<group>"; };
		7FC60B5719CF6BAE005CE3ED /* yelpClientTests.m */ = {isa = PBXFileReference; lastKnownFileType = sourcecode.c.objc; path = yelpClientTests.m; sourceTree = "<group>"; };
		7FC60B6419CF6DC6005CE3ED /* ListViewController.h */ = {isa = PBXFileReference; fileEncoding = 4; lastKnownFileType = sourcecode.c.h; path = ListViewController.h; sourceTree = "<group>"; };
		7FC60B6519CF6DC6005CE3ED /* ListViewController.m */ = {isa = PBXFileReference; fileEncoding = 4; lastKnownFileType = sourcecode.c.objc; path = ListViewController.m; sourceTree = "<group>"; };
		7FC60B6619CF6DC6005CE3ED /* ListViewController.xib */ = {isa = PBXFileReference; fileEncoding = 4; lastKnownFileType = file.xib; path = ListViewController.xib; sourceTree = "<group>"; };
		7FC60B6919CF701C005CE3ED /* YelpClient.h */ = {isa = PBXFileReference; fileEncoding = 4; lastKnownFileType = sourcecode.c.h; path = YelpClient.h; sourceTree = "<group>"; };
		7FC60B6A19CF701C005CE3ED /* YelpClient.m */ = {isa = PBXFileReference; fileEncoding = 4; lastKnownFileType = sourcecode.c.objc; path = YelpClient.m; sourceTree = "<group>"; };
		7FEC6B0E19CF76EB00770A42 /* AppModel.h */ = {isa = PBXFileReference; fileEncoding = 4; lastKnownFileType = sourcecode.c.h; path = AppModel.h; sourceTree = "<group>"; };
		7FEC6B0F19CF76EB00770A42 /* AppModel.m */ = {isa = PBXFileReference; fileEncoding = 4; lastKnownFileType = sourcecode.c.objc; path = AppModel.m; sourceTree = "<group>"; };
		7FEC6B1119CF8F5600770A42 /* ListItemViewCell.h */ = {isa = PBXFileReference; fileEncoding = 4; lastKnownFileType = sourcecode.c.h; path = ListItemViewCell.h; sourceTree = "<group>"; };
		7FEC6B1219CF8F5600770A42 /* ListItemViewCell.m */ = {isa = PBXFileReference; fileEncoding = 4; lastKnownFileType = sourcecode.c.objc; path = ListItemViewCell.m; sourceTree = "<group>"; };
		7FEC6B1319CF8F5600770A42 /* ListItemViewCell.xib */ = {isa = PBXFileReference; fileEncoding = 4; lastKnownFileType = file.xib; path = ListItemViewCell.xib; sourceTree = "<group>"; };
		7FEC6B1619D019CF00770A42 /* stars_4_half.png */ = {isa = PBXFileReference; lastKnownFileType = image.png; path = stars_4_half.png; sourceTree = "<group>"; };
		FEB72408D7A8480E84294C02 /* libPods.a */ = {isa = PBXFileReference; explicitFileType = archive.ar; includeInIndex = 0; path = libPods.a; sourceTree = BUILT_PRODUCTS_DIR; };
/* End PBXFileReference section */

/* Begin PBXFrameworksBuildPhase section */
		7FC60B2C19CF6BAE005CE3ED /* Frameworks */ = {
			isa = PBXFrameworksBuildPhase;
			buildActionMask = 2147483647;
			files = (
				7FC60B3519CF6BAE005CE3ED /* CoreGraphics.framework in Frameworks */,
				7FC60B3719CF6BAE005CE3ED /* UIKit.framework in Frameworks */,
				7FC60B3319CF6BAE005CE3ED /* Foundation.framework in Frameworks */,
				E1A83706337C4ACFA005B454 /* libPods.a in Frameworks */,
			);
			runOnlyForDeploymentPostprocessing = 0;
		};
		7FC60B4719CF6BAE005CE3ED /* Frameworks */ = {
			isa = PBXFrameworksBuildPhase;
			buildActionMask = 2147483647;
			files = (
				7FC60B4C19CF6BAE005CE3ED /* XCTest.framework in Frameworks */,
				7FC60B4E19CF6BAE005CE3ED /* UIKit.framework in Frameworks */,
				7FC60B4D19CF6BAE005CE3ED /* Foundation.framework in Frameworks */,
			);
			runOnlyForDeploymentPostprocessing = 0;
		};
/* End PBXFrameworksBuildPhase section */

/* Begin PBXGroup section */
		7FC60B2619CF6BAE005CE3ED = {
			isa = PBXGroup;
			children = (
				7FC60B6319CF6D78005CE3ED /* Model */,
				7FC60B6219CF6D6F005CE3ED /* Views */,
				7FC60B6119CF6D65005CE3ED /* ViewControllers */,
				7FC60B3819CF6BAE005CE3ED /* yelpClient */,
				7FC60B5119CF6BAE005CE3ED /* yelpClientTests */,
				7FC60B3119CF6BAE005CE3ED /* Frameworks */,
				7FC60B3019CF6BAE005CE3ED /* Products */,
				7E448B1440B849DC8D5CAF98 /* Pods.xcconfig */,
			);
			sourceTree = "<group>";
		};
		7FC60B3019CF6BAE005CE3ED /* Products */ = {
			isa = PBXGroup;
			children = (
				7FC60B2F19CF6BAE005CE3ED /* yelpClient.app */,
				7FC60B4A19CF6BAE005CE3ED /* yelpClientTests.xctest */,
			);
			name = Products;
			sourceTree = "<group>";
		};
		7FC60B3119CF6BAE005CE3ED /* Frameworks */ = {
			isa = PBXGroup;
			children = (
				7FC60B3219CF6BAE005CE3ED /* Foundation.framework */,
				7FC60B3419CF6BAE005CE3ED /* CoreGraphics.framework */,
				7FC60B3619CF6BAE005CE3ED /* UIKit.framework */,
				7FC60B4B19CF6BAE005CE3ED /* XCTest.framework */,
				FEB72408D7A8480E84294C02 /* libPods.a */,
			);
			name = Frameworks;
			sourceTree = "<group>";
		};
		7FC60B3819CF6BAE005CE3ED /* yelpClient */ = {
			isa = PBXGroup;
			children = (
				7FC60B4119CF6BAE005CE3ED /* AppDelegate.h */,
				7FC60B4219CF6BAE005CE3ED /* AppDelegate.m */,
				7FC60B4419CF6BAE005CE3ED /* Images.xcassets */,
				7FC60B3919CF6BAE005CE3ED /* Supporting Files */,
			);
			path = yelpClient;
			sourceTree = "<group>";
		};
		7FC60B3919CF6BAE005CE3ED /* Supporting Files */ = {
			isa = PBXGroup;
			children = (
				7FEC6B1619D019CF00770A42 /* stars_4_half.png */,
				7FC60B3A19CF6BAE005CE3ED /* yelpClient-Info.plist */,
				7FC60B3B19CF6BAE005CE3ED /* InfoPlist.strings */,
				7FC60B3E19CF6BAE005CE3ED /* main.m */,
				7FC60B4019CF6BAE005CE3ED /* yelpClient-Prefix.pch */,
			);
			name = "Supporting Files";
			sourceTree = "<group>";
		};
		7FC60B5119CF6BAE005CE3ED /* yelpClientTests */ = {
			isa = PBXGroup;
			children = (
				7FC60B5719CF6BAE005CE3ED /* yelpClientTests.m */,
				7FC60B5219CF6BAE005CE3ED /* Supporting Files */,
			);
			path = yelpClientTests;
			sourceTree = "<group>";
		};
		7FC60B5219CF6BAE005CE3ED /* Supporting Files */ = {
			isa = PBXGroup;
			children = (
				7FC60B5319CF6BAE005CE3ED /* yelpClientTests-Info.plist */,
				7FC60B5419CF6BAE005CE3ED /* InfoPlist.strings */,
			);
			name = "Supporting Files";
			sourceTree = "<group>";
		};
		7FC60B6119CF6D65005CE3ED /* ViewControllers */ = {
			isa = PBXGroup;
			children = (
				7FC60B6419CF6DC6005CE3ED /* ListViewController.h */,
				7FC60B6519CF6DC6005CE3ED /* ListViewController.m */,
				7FC60B6619CF6DC6005CE3ED /* ListViewController.xib */,
				7F16A3F919D1B4010003BD18 /* FilterViewController.h */,
				7F16A3FA19D1B4010003BD18 /* FilterViewController.m */,
				7F16A3FB19D1B4010003BD18 /* FilterViewController.xib */,
			);
			name = ViewControllers;
			sourceTree = "<group>";
		};
		7FC60B6219CF6D6F005CE3ED /* Views */ = {
			isa = PBXGroup;
			children = (
				7FEC6B1119CF8F5600770A42 /* ListItemViewCell.h */,
				7FEC6B1219CF8F5600770A42 /* ListItemViewCell.m */,
				7FEC6B1319CF8F5600770A42 /* ListItemViewCell.xib */,
				7F16A40319D1C4760003BD18 /* SwitchFilterViewCell.h */,
				7F16A40419D1C4760003BD18 /* SwitchFilterViewCell.m */,
				7F16A40519D1C4760003BD18 /* SwitchFilterViewCell.xib */,
			);
			name = Views;
			sourceTree = "<group>";
		};
		7FC60B6319CF6D78005CE3ED /* Model */ = {
			isa = PBXGroup;
			children = (
				7FC60B6919CF701C005CE3ED /* YelpClient.h */,
				7FC60B6A19CF701C005CE3ED /* YelpClient.m */,
				7FEC6B0E19CF76EB00770A42 /* AppModel.h */,
				7FEC6B0F19CF76EB00770A42 /* AppModel.m */,
			);
			name = Model;
			sourceTree = "<group>";
		};
/* End PBXGroup section */

/* Begin PBXNativeTarget section */
		7FC60B2E19CF6BAE005CE3ED /* yelpClient */ = {
			isa = PBXNativeTarget;
			buildConfigurationList = 7FC60B5B19CF6BAE005CE3ED /* Build configuration list for PBXNativeTarget "yelpClient" */;
			buildPhases = (
				A6B6586D1254425380CC69CA /* Check Pods Manifest.lock */,
				7FC60B2B19CF6BAE005CE3ED /* Sources */,
				7FC60B2C19CF6BAE005CE3ED /* Frameworks */,
				7FC60B2D19CF6BAE005CE3ED /* Resources */,
				7B87757E9DCD48E6B214E977 /* Copy Pods Resources */,
			);
			buildRules = (
			);
			dependencies = (
			);
			name = yelpClient;
			productName = yelpClient;
			productReference = 7FC60B2F19CF6BAE005CE3ED /* yelpClient.app */;
			productType = "com.apple.product-type.application";
		};
		7FC60B4919CF6BAE005CE3ED /* yelpClientTests */ = {
			isa = PBXNativeTarget;
			buildConfigurationList = 7FC60B5E19CF6BAE005CE3ED /* Build configuration list for PBXNativeTarget "yelpClientTests" */;
			buildPhases = (
				7FC60B4619CF6BAE005CE3ED /* Sources */,
				7FC60B4719CF6BAE005CE3ED /* Frameworks */,
				7FC60B4819CF6BAE005CE3ED /* Resources */,
			);
			buildRules = (
			);
			dependencies = (
				7FC60B5019CF6BAE005CE3ED /* PBXTargetDependency */,
			);
			name = yelpClientTests;
			productName = yelpClientTests;
			productReference = 7FC60B4A19CF6BAE005CE3ED /* yelpClientTests.xctest */;
			productType = "com.apple.product-type.bundle.unit-test";
		};
/* End PBXNativeTarget section */

/* Begin PBXProject section */
		7FC60B2719CF6BAE005CE3ED /* Project object */ = {
			isa = PBXProject;
			attributes = {
				LastUpgradeCheck = 0510;
				ORGANIZATIONNAME = "Deepak Somashekhara";
				TargetAttributes = {
					7FC60B4919CF6BAE005CE3ED = {
						TestTargetID = 7FC60B2E19CF6BAE005CE3ED;
					};
				};
			};
			buildConfigurationList = 7FC60B2A19CF6BAE005CE3ED /* Build configuration list for PBXProject "yelpClient" */;
			compatibilityVersion = "Xcode 3.2";
			developmentRegion = English;
			hasScannedForEncodings = 0;
			knownRegions = (
				en,
			);
			mainGroup = 7FC60B2619CF6BAE005CE3ED;
			productRefGroup = 7FC60B3019CF6BAE005CE3ED /* Products */;
			projectDirPath = "";
			projectRoot = "";
			targets = (
				7FC60B2E19CF6BAE005CE3ED /* yelpClient */,
				7FC60B4919CF6BAE005CE3ED /* yelpClientTests */,
			);
		};
/* End PBXProject section */

/* Begin PBXResourcesBuildPhase section */
		7FC60B2D19CF6BAE005CE3ED /* Resources */ = {
			isa = PBXResourcesBuildPhase;
			buildActionMask = 2147483647;
			files = (
				7F16A40719D1C4760003BD18 /* SwitchFilterViewCell.xib in Resources */,
				7FC60B3D19CF6BAE005CE3ED /* InfoPlist.strings in Resources */,
				7FEC6B1719D019CF00770A42 /* stars_4_half.png in Resources */,
				7FC60B4519CF6BAE005CE3ED /* Images.xcassets in Resources */,
				7FC60B6819CF6DC6005CE3ED /* ListViewController.xib in Resources */,
				7F16A3FD19D1B4010003BD18 /* FilterViewController.xib in Resources */,
				7FEC6B1519CF8F5600770A42 /* ListItemViewCell.xib in Resources */,
			);
			runOnlyForDeploymentPostprocessing = 0;
		};
		7FC60B4819CF6BAE005CE3ED /* Resources */ = {
			isa = PBXResourcesBuildPhase;
			buildActionMask = 2147483647;
			files = (
				7FC60B5619CF6BAE005CE3ED /* InfoPlist.strings in Resources */,
			);
			runOnlyForDeploymentPostprocessing = 0;
		};
/* End PBXResourcesBuildPhase section */

/* Begin PBXShellScriptBuildPhase section */
		7B87757E9DCD48E6B214E977 /* Copy Pods Resources */ = {
			isa = PBXShellScriptBuildPhase;
			buildActionMask = 2147483647;
			files = (
			);
			inputPaths = (
			);
			name = "Copy Pods Resources";
			outputPaths = (
			);
			runOnlyForDeploymentPostprocessing = 0;
			shellPath = /bin/sh;
			shellScript = "\"${SRCROOT}/Pods/Pods-resources.sh\"\n";
			showEnvVarsInLog = 0;
		};
		A6B6586D1254425380CC69CA /* Check Pods Manifest.lock */ = {
			isa = PBXShellScriptBuildPhase;
			buildActionMask = 2147483647;
			files = (
			);
			inputPaths = (
			);
			name = "Check Pods Manifest.lock";
			outputPaths = (
			);
			runOnlyForDeploymentPostprocessing = 0;
			shellPath = /bin/sh;
			shellScript = "diff \"${PODS_ROOT}/../Podfile.lock\" \"${PODS_ROOT}/Manifest.lock\" > /dev/null\nif [[ $? != 0 ]] ; then\n    cat << EOM\nerror: The sandbox is not in sync with the Podfile.lock. Run 'pod install' or update your CocoaPods installation.\nEOM\n    exit 1\nfi\n";
			showEnvVarsInLog = 0;
		};
/* End PBXShellScriptBuildPhase section */

/* Begin PBXSourcesBuildPhase section */
		7FC60B2B19CF6BAE005CE3ED /* Sources */ = {
			isa = PBXSourcesBuildPhase;
			buildActionMask = 2147483647;
			files = (
				7FC60B6B19CF701C005CE3ED /* YelpClient.m in Sources */,
				7FEC6B1419CF8F5600770A42 /* ListItemViewCell.m in Sources */,
				7FC60B4319CF6BAE005CE3ED /* AppDelegate.m in Sources */,
				7FEC6B1019CF76EB00770A42 /* AppModel.m in Sources */,
				7F16A40619D1C4760003BD18 /* SwitchFilterViewCell.m in Sources */,
				7F16A3FC19D1B4010003BD18 /* FilterViewController.m in Sources */,
				7FC60B3F19CF6BAE005CE3ED /* main.m in Sources */,
				7FC60B6719CF6DC6005CE3ED /* ListViewController.m in Sources */,
			);
			runOnlyForDeploymentPostprocessing = 0;
		};
		7FC60B4619CF6BAE005CE3ED /* Sources */ = {
			isa = PBXSourcesBuildPhase;
			buildActionMask = 2147483647;
			files = (
				7FC60B5819CF6BAE005CE3ED /* yelpClientTests.m in Sources */,
			);
			runOnlyForDeploymentPostprocessing = 0;
		};
/* End PBXSourcesBuildPhase section */

/* Begin PBXTargetDependency section */
		7FC60B5019CF6BAE005CE3ED /* PBXTargetDependency */ = {
			isa = PBXTargetDependency;
			target = 7FC60B2E19CF6BAE005CE3ED /* yelpClient */;
			targetProxy = 7FC60B4F19CF6BAE005CE3ED /* PBXContainerItemProxy */;
		};
/* End PBXTargetDependency section */

/* Begin PBXVariantGroup section */
		7FC60B3B19CF6BAE005CE3ED /* InfoPlist.strings */ = {
			isa = PBXVariantGroup;
			children = (
				7FC60B3C19CF6BAE005CE3ED /* en */,
			);
			name = InfoPlist.strings;
			sourceTree = "<group>";
		};
		7FC60B5419CF6BAE005CE3ED /* InfoPlist.strings */ = {
			isa = PBXVariantGroup;
			children = (
				7FC60B5519CF6BAE005CE3ED /* en */,
			);
			name = InfoPlist.strings;
			sourceTree = "<group>";
		};
/* End PBXVariantGroup section */

/* Begin XCBuildConfiguration section */
		7FC60B5919CF6BAE005CE3ED /* Debug */ = {
			isa = XCBuildConfiguration;
			buildSettings = {
				ALWAYS_SEARCH_USER_PATHS = NO;
				CLANG_CXX_LANGUAGE_STANDARD = "gnu++0x";
				CLANG_CXX_LIBRARY = "libc++";
				CLANG_ENABLE_MODULES = YES;
				CLANG_ENABLE_OBJC_ARC = YES;
				CLANG_WARN_BOOL_CONVERSION = YES;
				CLANG_WARN_CONSTANT_CONVERSION = YES;
				CLANG_WARN_DIRECT_OBJC_ISA_USAGE = YES_ERROR;
				CLANG_WARN_EMPTY_BODY = YES;
				CLANG_WARN_ENUM_CONVERSION = YES;
				CLANG_WARN_INT_CONVERSION = YES;
				CLANG_WARN_OBJC_ROOT_CLASS = YES_ERROR;
				CLANG_WARN__DUPLICATE_METHOD_MATCH = YES;
				"CODE_SIGN_IDENTITY[sdk=iphoneos*]" = "iPhone Developer";
				COPY_PHASE_STRIP = NO;
				GCC_C_LANGUAGE_STANDARD = gnu99;
				GCC_DYNAMIC_NO_PIC = NO;
				GCC_OPTIMIZATION_LEVEL = 0;
				GCC_PREPROCESSOR_DEFINITIONS = (
					"DEBUG=1",
					"$(inherited)",
				);
				GCC_SYMBOLS_PRIVATE_EXTERN = NO;
				GCC_WARN_64_TO_32_BIT_CONVERSION = YES;
				GCC_WARN_ABOUT_RETURN_TYPE = YES_ERROR;
				GCC_WARN_UNDECLARED_SELECTOR = YES;
				GCC_WARN_UNINITIALIZED_AUTOS = YES_AGGRESSIVE;
				GCC_WARN_UNUSED_FUNCTION = YES;
				GCC_WARN_UNUSED_VARIABLE = YES;
				IPHONEOS_DEPLOYMENT_TARGET = 7.1;
				ONLY_ACTIVE_ARCH = YES;
				SDKROOT = iphoneos;
			};
			name = Debug;
		};
		7FC60B5A19CF6BAE005CE3ED /* Release */ = {
			isa = XCBuildConfiguration;
			buildSettings = {
				ALWAYS_SEARCH_USER_PATHS = NO;
				CLANG_CXX_LANGUAGE_STANDARD = "gnu++0x";
				CLANG_CXX_LIBRARY = "libc++";
				CLANG_ENABLE_MODULES = YES;
				CLANG_ENABLE_OBJC_ARC = YES;
				CLANG_WARN_BOOL_CONVERSION = YES;
				CLANG_WARN_CONSTANT_CONVERSION = YES;
				CLANG_WARN_DIRECT_OBJC_ISA_USAGE = YES_ERROR;
				CLANG_WARN_EMPTY_BODY = YES;
				CLANG_WARN_ENUM_CONVERSION = YES;
				CLANG_WARN_INT_CONVERSION = YES;
				CLANG_WARN_OBJC_ROOT_CLASS = YES_ERROR;
				CLANG_WARN__DUPLICATE_METHOD_MATCH = YES;
				"CODE_SIGN_IDENTITY[sdk=iphoneos*]" = "iPhone Developer";
				COPY_PHASE_STRIP = YES;
				ENABLE_NS_ASSERTIONS = NO;
				GCC_C_LANGUAGE_STANDARD = gnu99;
				GCC_WARN_64_TO_32_BIT_CONVERSION = YES;
				GCC_WARN_ABOUT_RETURN_TYPE = YES_ERROR;
				GCC_WARN_UNDECLARED_SELECTOR = YES;
				GCC_WARN_UNINITIALIZED_AUTOS = YES_AGGRESSIVE;
				GCC_WARN_UNUSED_FUNCTION = YES;
				GCC_WARN_UNUSED_VARIABLE = YES;
				IPHONEOS_DEPLOYMENT_TARGET = 7.1;
				SDKROOT = iphoneos;
				VALIDATE_PRODUCT = YES;
			};
			name = Release;
		};
		7FC60B5C19CF6BAE005CE3ED /* Debug */ = {
			isa = XCBuildConfiguration;
			baseConfigurationReference = 7E448B1440B849DC8D5CAF98 /* Pods.xcconfig */;
			buildSettings = {
				ASSETCATALOG_COMPILER_APPICON_NAME = AppIcon;
				ASSETCATALOG_COMPILER_LAUNCHIMAGE_NAME = LaunchImage;
				GCC_PRECOMPILE_PREFIX_HEADER = YES;
				GCC_PREFIX_HEADER = "yelpClient/yelpClient-Prefix.pch";
				INFOPLIST_FILE = "yelpClient/yelpClient-Info.plist";
				PRODUCT_NAME = "$(TARGET_NAME)";
				WRAPPER_EXTENSION = app;
			};
			name = Debug;
		};
		7FC60B5D19CF6BAE005CE3ED /* Release */ = {
			isa = XCBuildConfiguration;
			baseConfigurationReference = 7E448B1440B849DC8D5CAF98 /* Pods.xcconfig */;
			buildSettings = {
				ASSETCATALOG_COMPILER_APPICON_NAME = AppIcon;
				ASSETCATALOG_COMPILER_LAUNCHIMAGE_NAME = LaunchImage;
				GCC_PRECOMPILE_PREFIX_HEADER = YES;
				GCC_PREFIX_HEADER = "yelpClient/yelpClient-Prefix.pch";
				INFOPLIST_FILE = "yelpClient/yelpClient-Info.plist";
				PRODUCT_NAME = "$(TARGET_NAME)";
				WRAPPER_EXTENSION = app;
			};
			name = Release;
		};
		7FC60B5F19CF6BAE005CE3ED /* Debug */ = {
			isa = XCBuildConfiguration;
			buildSettings = {
				BUNDLE_LOADER = "$(BUILT_PRODUCTS_DIR)/yelpClient.app/yelpClient";
				FRAMEWORK_SEARCH_PATHS = (
					"$(SDKROOT)/Developer/Library/Frameworks",
					"$(inherited)",
					"$(DEVELOPER_FRAMEWORKS_DIR)",
				);
				GCC_PRECOMPILE_PREFIX_HEADER = YES;
				GCC_PREFIX_HEADER = "yelpClient/yelpClient-Prefix.pch";
				GCC_PREPROCESSOR_DEFINITIONS = (
					"DEBUG=1",
					"$(inherited)",
				);
				INFOPLIST_FILE = "yelpClientTests/yelpClientTests-Info.plist";
				PRODUCT_NAME = "$(TARGET_NAME)";
				TEST_HOST = "$(BUNDLE_LOADER)";
				WRAPPER_EXTENSION = xctest;
			};
			name = Debug;
		};
		7FC60B6019CF6BAE005CE3ED /* Release */ = {
			isa = XCBuildConfiguration;
			buildSettings = {
				BUNDLE_LOADER = "$(BUILT_PRODUCTS_DIR)/yelpClient.app/yelpClient";
				FRAMEWORK_SEARCH_PATHS = (
					"$(SDKROOT)/Developer/Library/Frameworks",
					"$(inherited)",
					"$(DEVELOPER_FRAMEWORKS_DIR)",
				);
				GCC_PRECOMPILE_PREFIX_HEADER = YES;
				GCC_PREFIX_HEADER = "yelpClient/yelpClient-Prefix.pch";
				INFOPLIST_FILE = "yelpClientTests/yelpClientTests-Info.plist";
				PRODUCT_NAME = "$(TARGET_NAME)";
				TEST_HOST = "$(BUNDLE_LOADER)";
				WRAPPER_EXTENSION = xctest;
			};
			name = Release;
		};
/* End XCBuildConfiguration section */

/* Begin XCConfigurationList section */
		7FC60B2A19CF6BAE005CE3ED /* Build configuration list for PBXProject "yelpClient" */ = {
			isa = XCConfigurationList;
			buildConfigurations = (
				7FC60B5919CF6BAE005CE3ED /* Debug */,
				7FC60B5A19CF6BAE005CE3ED /* Release */,
			);
			defaultConfigurationIsVisible = 0;
			defaultConfigurationName = Release;
		};
		7FC60B5B19CF6BAE005CE3ED /* Build configuration list for PBXNativeTarget "yelpClient" */ = {
			isa = XCConfigurationList;
			buildConfigurations = (
				7FC60B5C19CF6BAE005CE3ED /* Debug */,
				7FC60B5D19CF6BAE005CE3ED /* Release */,
			);
			defaultConfigurationIsVisible = 0;
			defaultConfigurationName = Release;
		};
		7FC60B5E19CF6BAE005CE3ED /* Build configuration list for PBXNativeTarget "yelpClientTests" */ = {
			isa = XCConfigurationList;
			buildConfigurations = (
				7FC60B5F19CF6BAE005CE3ED /* Debug */,
				7FC60B6019CF6BAE005CE3ED /* Release */,
			);
			defaultConfigurationIsVisible = 0;
			defaultConfigurationName = Release;
		};
/* End XCConfigurationList section */
	};
	rootObject = 7FC60B2719CF6BAE005CE3ED /* Project object */;
}
